
Microsoft Visual Studio Solution File, Format Version 12.00
# Visual Studio Version 16
VisualStudioVersion = 16.0.30611.23
MinimumVisualStudioVersion = 10.0.40219.1
Project("{9A19103F-16F7-4668-BE54-9A1E7A4F7556}") = "MyPluginTemplate", "MyPluginTemplate\MyPluginTemplate.csproj", "{4D609723-2CE4-4B0B-BAAB-3FD855E54F62}"
EndProject
Project("{FAE04EC0-301F-11D3-BF4B-00C04F79EFBC}") = "MyPluginTemplate.Tests", "MyPluginTemplate.Tests\MyPluginTemplate.Tests.csproj", "{8C15556A-F73D-4F0C-A22B-0D558E2F348E}"
EndProject
Global
	GlobalSection(SolutionConfigurationPlatforms) = preSolution
		Debug|Any CPU = Debug|Any CPU
		Release|Any CPU = Release|Any CPU
	EndGlobalSection
	GlobalSection(ProjectConfigurationPlatforms) = postSolution
		{4D609723-2CE4-4B0B-BAAB-3FD855E54F62}.Debug|Any CPU.ActiveCfg = Debug|Any CPU
		{4D609723-2CE4-4B0B-BAAB-3FD855E54F62}.Debug|Any CPU.Build.0 = Debug|Any CPU
		{4D609723-2CE4-4B0B-BAAB-3FD855E54F62}.Release|Any CPU.ActiveCfg = Release|Any CPU
		{4D609723-2CE4-4B0B-BAAB-3FD855E54F62}.Release|Any CPU.Build.0 = Release|Any CPU
		{8C15556A-F73D-4F0C-A22B-0D558E2F348E}.Debug|Any CPU.ActiveCfg = Debug|Any CPU
		{8C15556A-F73D-4F0C-A22B-0D558E2F348E}.Debug|Any CPU.Build.0 = Debug|Any CPU
		{8C15556A-F73D-4F0C-A22B-0D558E2F348E}.Release|Any CPU.ActiveCfg = Release|Any CPU
		{8C15556A-F73D-4F0C-A22B-0D558E2F348E}.Release|Any CPU.Build.0 = Release|Any CPU
	EndGlobalSection
	GlobalSection(SolutionProperties) = preSolution
		HideSolutionNode = FALSE
	EndGlobalSection
	GlobalSection(ExtensibilityGlobals) = postSolution
		SolutionGuid = {86897835-4C87-40AE-A0A4-2331444C477B}
	EndGlobalSection
EndGlobal
